
Microsoft Visual Studio Solution File, Format Version 12.00
# Visual Studio Version 17
VisualStudioVersion = 17.0.32014.148
MinimumVisualStudioVersion = 10.0.40219.1
Project("{2150E333-8FDC-42A3-9474-1A3956D46DE8}") = "misc", "misc", "{197B99D4-F329-4377-A097-0B40424D8D05}"
	ProjectSection(SolutionItems) = preProject
		Directory.build.project.props = Directory.build.project.props
		Directory.build.props = Directory.build.props
		Directory.build.shared.explicit.props = Directory.build.shared.explicit.props
		Directory.build.shared.implicit.props = Directory.build.shared.implicit.props
		Directory.build.shared.mat.props = Directory.build.shared.mat.props
		Directory.build.targets = Directory.build.targets
		GlobalSuppressions.cs = GlobalSuppressions.cs
		MethodTimeLogger.cs = MethodTimeLogger.cs
		Orc.Controls.sln.DotSettings = Orc.Controls.sln.DotSettings
		SolutionAssemblyInfo.cs = SolutionAssemblyInfo.cs
	EndProjectSection
EndProject
Project("{2150E333-8FDC-42A3-9474-1A3956D46DE8}") = "src", "src", "{AAE2B7A4-D901-4DA2-97FD-F7127657C1A1}"
EndProject
Project("{2150E333-8FDC-42A3-9474-1A3956D46DE8}") = "Core", "Core", "{FB81E6B4-F47C-477E-8382-D83F6F870E0A}"
EndProject
Project("{2150E333-8FDC-42A3-9474-1A3956D46DE8}") = "Examples", "Examples", "{47F8C23D-D72A-45A5-8A10-38D22BC9AD15}"
EndProject
Project("{2150E333-8FDC-42A3-9474-1A3956D46DE8}") = "Tests", "Tests", "{59924607-205A-4563-BD72-711312D8260A}"
EndProject
Project("{9A19103F-16F7-4668-BE54-9A1E7A4F7556}") = "Orc.Controls", "Orc.Controls\Orc.Controls.csproj", "{84E22240-D816-4B43-AC37-92B805A2BEE3}"
EndProject
Project("{9A19103F-16F7-4668-BE54-9A1E7A4F7556}") = "Orc.Controls.Example", "Orc.Controls.Example\Orc.Controls.Example.csproj", "{C511A6B6-089C-4032-8E10-C46447FB8CBA}"
EndProject
Project("{9A19103F-16F7-4668-BE54-9A1E7A4F7556}") = "Orc.Controls.Tests", "Orc.Controls.Tests\Orc.Controls.Tests.csproj", "{132E6A32-9BC2-4284-B4C6-FA0E8A05B382}"
EndProject
Global
	GlobalSection(SolutionConfigurationPlatforms) = preSolution
		Debug|Any CPU = Debug|Any CPU
		Release|Any CPU = Release|Any CPU
	EndGlobalSection
	GlobalSection(ProjectConfigurationPlatforms) = postSolution
		{84E22240-D816-4B43-AC37-92B805A2BEE3}.Debug|Any CPU.ActiveCfg = Debug|Any CPU
		{84E22240-D816-4B43-AC37-92B805A2BEE3}.Debug|Any CPU.Build.0 = Debug|Any CPU
		{84E22240-D816-4B43-AC37-92B805A2BEE3}.Release|Any CPU.ActiveCfg = Release|Any CPU
		{84E22240-D816-4B43-AC37-92B805A2BEE3}.Release|Any CPU.Build.0 = Release|Any CPU
		{C511A6B6-089C-4032-8E10-C46447FB8CBA}.Debug|Any CPU.ActiveCfg = Debug|Any CPU
		{C511A6B6-089C-4032-8E10-C46447FB8CBA}.Debug|Any CPU.Build.0 = Debug|Any CPU
		{C511A6B6-089C-4032-8E10-C46447FB8CBA}.Release|Any CPU.ActiveCfg = Release|Any CPU
		{C511A6B6-089C-4032-8E10-C46447FB8CBA}.Release|Any CPU.Build.0 = Release|Any CPU
		{132E6A32-9BC2-4284-B4C6-FA0E8A05B382}.Debug|Any CPU.ActiveCfg = Debug|Any CPU
		{132E6A32-9BC2-4284-B4C6-FA0E8A05B382}.Debug|Any CPU.Build.0 = Debug|Any CPU
		{132E6A32-9BC2-4284-B4C6-FA0E8A05B382}.Release|Any CPU.ActiveCfg = Release|Any CPU
		{132E6A32-9BC2-4284-B4C6-FA0E8A05B382}.Release|Any CPU.Build.0 = Release|Any CPU
	EndGlobalSection
	GlobalSection(SolutionProperties) = preSolution
		HideSolutionNode = FALSE
	EndGlobalSection
	GlobalSection(NestedProjects) = preSolution
		{FB81E6B4-F47C-477E-8382-D83F6F870E0A} = {AAE2B7A4-D901-4DA2-97FD-F7127657C1A1}
		{47F8C23D-D72A-45A5-8A10-38D22BC9AD15} = {AAE2B7A4-D901-4DA2-97FD-F7127657C1A1}
		{59924607-205A-4563-BD72-711312D8260A} = {AAE2B7A4-D901-4DA2-97FD-F7127657C1A1}
		{84E22240-D816-4B43-AC37-92B805A2BEE3} = {FB81E6B4-F47C-477E-8382-D83F6F870E0A}
		{C511A6B6-089C-4032-8E10-C46447FB8CBA} = {47F8C23D-D72A-45A5-8A10-38D22BC9AD15}
		{132E6A32-9BC2-4284-B4C6-FA0E8A05B382} = {59924607-205A-4563-BD72-711312D8260A}
	EndGlobalSection
	GlobalSection(ExtensibilityGlobals) = postSolution
		SolutionGuid = {4E0FE4DD-B99D-4AF7-9702-C059F18239A7}
	EndGlobalSection
EndGlobal
