
Microsoft Visual Studio Solution File, Format Version 12.00
# Visual Studio 2013
VisualStudioVersion = 12.0.30723.0
MinimumVisualStudioVersion = 10.0.40219.1
Project("{FAE04EC0-301F-11D3-BF4B-00C04F79EFBC}") = "Orc.Controls", "Orc.Controls\Orc.Controls.csproj", "{E6CE2111-3D7C-4759-A886-E44EC77CE3AA}"
EndProject
Project("{FAE04EC0-301F-11D3-BF4B-00C04F79EFBC}") = "Orc.Controls.Tests", "Orc.Controls.Tests\Orc.Controls.Tests.csproj", "{9D4DD1A4-D63D-4766-BA11-29FC99C1CBEF}"
EndProject
Project("{FAE04EC0-301F-11D3-BF4B-00C04F79EFBC}") = "Orc.Controls.Examples", "Orc.Controls.Examples\Orc.Controls.Examples.csproj", "{FC8A5188-FF86-4D47-B72C-834D12B20406}"
EndProject
Global
	GlobalSection(SolutionConfigurationPlatforms) = preSolution
		Debug|Any CPU = Debug|Any CPU
		Release|Any CPU = Release|Any CPU
	EndGlobalSection
	GlobalSection(ProjectConfigurationPlatforms) = postSolution
		{E6CE2111-3D7C-4759-A886-E44EC77CE3AA}.Debug|Any CPU.ActiveCfg = Debug|Any CPU
		{E6CE2111-3D7C-4759-A886-E44EC77CE3AA}.Debug|Any CPU.Build.0 = Debug|Any CPU
		{E6CE2111-3D7C-4759-A886-E44EC77CE3AA}.Release|Any CPU.ActiveCfg = Release|Any CPU
		{E6CE2111-3D7C-4759-A886-E44EC77CE3AA}.Release|Any CPU.Build.0 = Release|Any CPU
		{9D4DD1A4-D63D-4766-BA11-29FC99C1CBEF}.Debug|Any CPU.ActiveCfg = Debug|Any CPU
		{9D4DD1A4-D63D-4766-BA11-29FC99C1CBEF}.Debug|Any CPU.Build.0 = Debug|Any CPU
		{9D4DD1A4-D63D-4766-BA11-29FC99C1CBEF}.Release|Any CPU.ActiveCfg = Release|Any CPU
		{9D4DD1A4-D63D-4766-BA11-29FC99C1CBEF}.Release|Any CPU.Build.0 = Release|Any CPU
		{FC8A5188-FF86-4D47-B72C-834D12B20406}.Debug|Any CPU.ActiveCfg = Debug|Any CPU
		{FC8A5188-FF86-4D47-B72C-834D12B20406}.Debug|Any CPU.Build.0 = Debug|Any CPU
		{FC8A5188-FF86-4D47-B72C-834D12B20406}.Release|Any CPU.ActiveCfg = Release|Any CPU
		{FC8A5188-FF86-4D47-B72C-834D12B20406}.Release|Any CPU.Build.0 = Release|Any CPU
	EndGlobalSection
	GlobalSection(SolutionProperties) = preSolution
		HideSolutionNode = FALSE
	EndGlobalSection
EndGlobal
